
Microsoft Visual Studio Solution File, Format Version 12.00
# Visual Studio Version 17
VisualStudioVersion = 17.14.36623.8 d17.14
MinimumVisualStudioVersion = 10.0.40219.1
Project("{FAE04EC0-301F-11D3-BF4B-00C04F79EFBC}") = "InpatientManagementSystem", "InpatientManagementSystem\InpatientManagementSystem.csproj", "{FB908102-0D54-4862-9F92-EB5A199C652B}"
EndProject
Global
	GlobalSection(SolutionConfigurationPlatforms) = preSolution
		Debug|Any CPU = Debug|Any CPU
		Release|Any CPU = Release|Any CPU
	EndGlobalSection
	GlobalSection(ProjectConfigurationPlatforms) = postSolution
		{FB908102-0D54-4862-9F92-EB5A199C652B}.Debug|Any CPU.ActiveCfg = Debug|Any CPU
		{FB908102-0D54-4862-9F92-EB5A199C652B}.Debug|Any CPU.Build.0 = Debug|Any CPU
		{FB908102-0D54-4862-9F92-EB5A199C652B}.Release|Any CPU.ActiveCfg = Release|Any CPU
		{FB908102-0D54-4862-9F92-EB5A199C652B}.Release|Any CPU.Build.0 = Release|Any CPU
	EndGlobalSection
	GlobalSection(SolutionProperties) = preSolution
		HideSolutionNode = FALSE
	EndGlobalSection
	GlobalSection(ExtensibilityGlobals) = postSolution
		SolutionGuid = {2ED6C599-9B06-4B69-A065-2FB783AEBC2C}
	EndGlobalSection
EndGlobal
